// !$*UTF8*$!
{
	archiveVersion = 1;
	classes = {
	};
	objectVersion = 50;
	objects = {

/* Begin PBXBuildFile section */
		8BFE3936229446CE00605072 /* AppDelegate.swift in Sources */ = {isa = PBXBuildFile; fileRef = 8BFE3935229446CE00605072 /* AppDelegate.swift */; };
		8BFE3938229446CE00605072 /* LaserShotsViewController.swift in Sources */ = {isa = PBXBuildFile; fileRef = 8BFE3937229446CE00605072 /* LaserShotsViewController.swift */; };
		8BFE393B229446CE00605072 /* Main.storyboard in Resources */ = {isa = PBXBuildFile; fileRef = 8BFE3939229446CE00605072 /* Main.storyboard */; };
		8BFE393D229446CF00605072 /* Assets.xcassets in Resources */ = {isa = PBXBuildFile; fileRef = 8BFE393C229446CF00605072 /* Assets.xcassets */; };
		8BFE3940229446CF00605072 /* LaunchScreen.storyboard in Resources */ = {isa = PBXBuildFile; fileRef = 8BFE393E229446CF00605072 /* LaunchScreen.storyboard */; };
		8BFE394B229446D000605072 /* LaserShotsTests.swift in Sources */ = {isa = PBXBuildFile; fileRef = 8BFE394A229446D000605072 /* LaserShotsTests.swift */; };
		8BFE395F229446F500605072 /* BoardCell.swift in Sources */ = {isa = PBXBuildFile; fileRef = 8BFE3956229446F500605072 /* BoardCell.swift */; };
		8BFE3960229446F500605072 /* Board.swift in Sources */ = {isa = PBXBuildFile; fileRef = 8BFE3957229446F500605072 /* Board.swift */; };
		8BFE3961229446F500605072 /* LaserGun.swift in Sources */ = {isa = PBXBuildFile; fileRef = 8BFE3958229446F500605072 /* LaserGun.swift */; };
		8BFE3962229446F500605072 /* Laser.swift in Sources */ = {isa = PBXBuildFile; fileRef = 8BFE3959229446F500605072 /* Laser.swift */; };
		8BFE3963229446F500605072 /* Mirror.swift in Sources */ = {isa = PBXBuildFile; fileRef = 8BFE395A229446F500605072 /* Mirror.swift */; };
		8BFE3965229446F500605072 /* Wall.swift in Sources */ = {isa = PBXBuildFile; fileRef = 8BFE395C229446F500605072 /* Wall.swift */; };
		8BFE3966229446F500605072 /* gameProtocols.swift in Sources */ = {isa = PBXBuildFile; fileRef = 8BFE395E229446F500605072 /* gameProtocols.swift */; };
		8BFE39682294472000605072 /* LaserShotsGame.swift in Sources */ = {isa = PBXBuildFile; fileRef = 8BFE39672294472000605072 /* LaserShotsGame.swift */; };
		8BFE396A229448A300605072 /* LaserDestination.swift in Sources */ = {isa = PBXBuildFile; fileRef = 8BFE3969229448A300605072 /* LaserDestination.swift */; };
		8BFE397022946B9D00605072 /* board1.json in Resources */ = {isa = PBXBuildFile; fileRef = 8BFE396F22946B9D00605072 /* board1.json */; };
		8BFE39752295911600605072 /* EmptyCellView.swift in Sources */ = {isa = PBXBuildFile; fileRef = 8BFE39742295911600605072 /* EmptyCellView.swift */; };
		8BFE39772295912A00605072 /* LaserGunCellView.swift in Sources */ = {isa = PBXBuildFile; fileRef = 8BFE39762295912A00605072 /* LaserGunCellView.swift */; };
		8BFE39792295913D00605072 /* LaserDestinationCellView.swift in Sources */ = {isa = PBXBuildFile; fileRef = 8BFE39782295913D00605072 /* LaserDestinationCellView.swift */; };
		8BFE397B229592CE00605072 /* MirrorCellView.swift in Sources */ = {isa = PBXBuildFile; fileRef = 8BFE397A229592CE00605072 /* MirrorCellView.swift */; };
		8BFE397D22959AA000605072 /* EmptyCellView.xib in Resources */ = {isa = PBXBuildFile; fileRef = 8BFE397C22959AA000605072 /* EmptyCellView.xib */; };
		8BFE397F22959AD400605072 /* LaserGunCellView.xib in Resources */ = {isa = PBXBuildFile; fileRef = 8BFE397E22959AD400605072 /* LaserGunCellView.xib */; };
		8BFE398122959AFE00605072 /* LaserDestinationCellView.xib in Resources */ = {isa = PBXBuildFile; fileRef = 8BFE398022959AFE00605072 /* LaserDestinationCellView.xib */; };
		8BFE398322959B3400605072 /* MirrorCellView.xib in Resources */ = {isa = PBXBuildFile; fileRef = 8BFE398222959B3400605072 /* MirrorCellView.xib */; };
		8BFE398522959DD700605072 /* voewControllerProtocols.swift in Sources */ = {isa = PBXBuildFile; fileRef = 8BFE398422959DD700605072 /* voewControllerProtocols.swift */; };
		8BFE39872295C3D300605072 /* LaserShotsBaseCellView.swift in Sources */ = {isa = PBXBuildFile; fileRef = 8BFE39862295C3D300605072 /* LaserShotsBaseCellView.swift */; };
		8BFE39892296E52800605072 /* WallCellView.swift in Sources */ = {isa = PBXBuildFile; fileRef = 8BFE39882296E52800605072 /* WallCellView.swift */; };
		8BFE398B2296E53600605072 /* WallCellView.xib in Resources */ = {isa = PBXBuildFile; fileRef = 8BFE398A2296E53600605072 /* WallCellView.xib */; };
/* End PBXBuildFile section */

/* Begin PBXContainerItemProxy section */
		8BFE3947229446D000605072 /* PBXContainerItemProxy */ = {
			isa = PBXContainerItemProxy;
			containerPortal = 8BFE392A229446CE00605072 /* Project object */;
			proxyType = 1;
			remoteGlobalIDString = 8BFE3931229446CE00605072;
			remoteInfo = LaserShots;
		};
/* End PBXContainerItemProxy section */

/* Begin PBXFileReference section */
		8BFE3932229446CE00605072 /* LaserShots.app */ = {isa = PBXFileReference; explicitFileType = wrapper.application; includeInIndex = 0; path = LaserShots.app; sourceTree = BUILT_PRODUCTS_DIR; };
		8BFE3935229446CE00605072 /* AppDelegate.swift */ = {isa = PBXFileReference; lastKnownFileType = sourcecode.swift; path = AppDelegate.swift; sourceTree = "<group>"; };
		8BFE3937229446CE00605072 /* LaserShotsViewController.swift */ = {isa = PBXFileReference; lastKnownFileType = sourcecode.swift; path = LaserShotsViewController.swift; sourceTree = "<group>"; };
		8BFE393A229446CE00605072 /* Base */ = {isa = PBXFileReference; lastKnownFileType = file.storyboard; name = Base; path = Base.lproj/Main.storyboard; sourceTree = "<group>"; };
		8BFE393C229446CF00605072 /* Assets.xcassets */ = {isa = PBXFileReference; lastKnownFileType = folder.assetcatalog; path = Assets.xcassets; sourceTree = "<group>"; };
		8BFE393F229446CF00605072 /* Base */ = {isa = PBXFileReference; lastKnownFileType = file.storyboard; name = Base; path = Base.lproj/LaunchScreen.storyboard; sourceTree = "<group>"; };
		8BFE3941229446CF00605072 /* Info.plist */ = {isa = PBXFileReference; lastKnownFileType = text.plist.xml; path = Info.plist; sourceTree = "<group>"; };
		8BFE3946229446D000605072 /* LaserShotsTests.xctest */ = {isa = PBXFileReference; explicitFileType = wrapper.cfbundle; includeInIndex = 0; path = LaserShotsTests.xctest; sourceTree = BUILT_PRODUCTS_DIR; };
		8BFE394A229446D000605072 /* LaserShotsTests.swift */ = {isa = PBXFileReference; lastKnownFileType = sourcecode.swift; path = LaserShotsTests.swift; sourceTree = "<group>"; };
		8BFE394C229446D000605072 /* Info.plist */ = {isa = PBXFileReference; lastKnownFileType = text.plist.xml; path = Info.plist; sourceTree = "<group>"; };
		8BFE3956229446F500605072 /* BoardCell.swift */ = {isa = PBXFileReference; fileEncoding = 4; lastKnownFileType = sourcecode.swift; path = BoardCell.swift; sourceTree = "<group>"; };
		8BFE3957229446F500605072 /* Board.swift */ = {isa = PBXFileReference; fileEncoding = 4; lastKnownFileType = sourcecode.swift; path = Board.swift; sourceTree = "<group>"; };
		8BFE3958229446F500605072 /* LaserGun.swift */ = {isa = PBXFileReference; fileEncoding = 4; lastKnownFileType = sourcecode.swift; path = LaserGun.swift; sourceTree = "<group>"; };
		8BFE3959229446F500605072 /* Laser.swift */ = {isa = PBXFileReference; fileEncoding = 4; lastKnownFileType = sourcecode.swift; path = Laser.swift; sourceTree = "<group>"; };
		8BFE395A229446F500605072 /* Mirror.swift */ = {isa = PBXFileReference; fileEncoding = 4; lastKnownFileType = sourcecode.swift; path = Mirror.swift; sourceTree = "<group>"; };
		8BFE395C229446F500605072 /* Wall.swift */ = {isa = PBXFileReference; fileEncoding = 4; lastKnownFileType = sourcecode.swift; path = Wall.swift; sourceTree = "<group>"; };
		8BFE395E229446F500605072 /* gameProtocols.swift */ = {isa = PBXFileReference; fileEncoding = 4; lastKnownFileType = sourcecode.swift; path = gameProtocols.swift; sourceTree = "<group>"; };
		8BFE39672294472000605072 /* LaserShotsGame.swift */ = {isa = PBXFileReference; lastKnownFileType = sourcecode.swift; path = LaserShotsGame.swift; sourceTree = "<group>"; };
		8BFE3969229448A300605072 /* LaserDestination.swift */ = {isa = PBXFileReference; lastKnownFileType = sourcecode.swift; path = LaserDestination.swift; sourceTree = "<group>"; };
		8BFE396F22946B9D00605072 /* board1.json */ = {isa = PBXFileReference; lastKnownFileType = text.json; path = board1.json; sourceTree = "<group>"; };
		8BFE39742295911600605072 /* EmptyCellView.swift */ = {isa = PBXFileReference; lastKnownFileType = sourcecode.swift; path = EmptyCellView.swift; sourceTree = "<group>"; };
		8BFE39762295912A00605072 /* LaserGunCellView.swift */ = {isa = PBXFileReference; lastKnownFileType = sourcecode.swift; path = LaserGunCellView.swift; sourceTree = "<group>"; };
		8BFE39782295913D00605072 /* LaserDestinationCellView.swift */ = {isa = PBXFileReference; lastKnownFileType = sourcecode.swift; path = LaserDestinationCellView.swift; sourceTree = "<group>"; };
		8BFE397A229592CE00605072 /* MirrorCellView.swift */ = {isa = PBXFileReference; lastKnownFileType = sourcecode.swift; path = MirrorCellView.swift; sourceTree = "<group>"; };
		8BFE397C22959AA000605072 /* EmptyCellView.xib */ = {isa = PBXFileReference; lastKnownFileType = file.xib; path = EmptyCellView.xib; sourceTree = "<group>"; };
		8BFE397E22959AD400605072 /* LaserGunCellView.xib */ = {isa = PBXFileReference; lastKnownFileType = file.xib; path = LaserGunCellView.xib; sourceTree = "<group>"; };
		8BFE398022959AFE00605072 /* LaserDestinationCellView.xib */ = {isa = PBXFileReference; lastKnownFileType = file.xib; path = LaserDestinationCellView.xib; sourceTree = "<group>"; };
		8BFE398222959B3400605072 /* MirrorCellView.xib */ = {isa = PBXFileReference; lastKnownFileType = file.xib; path = MirrorCellView.xib; sourceTree = "<group>"; };
		8BFE398422959DD700605072 /* voewControllerProtocols.swift */ = {isa = PBXFileReference; lastKnownFileType = sourcecode.swift; path = voewControllerProtocols.swift; sourceTree = "<group>"; };
		8BFE39862295C3D300605072 /* LaserShotsBaseCellView.swift */ = {isa = PBXFileReference; lastKnownFileType = sourcecode.swift; path = LaserShotsBaseCellView.swift; sourceTree = "<group>"; };
		8BFE39882296E52800605072 /* WallCellView.swift */ = {isa = PBXFileReference; lastKnownFileType = sourcecode.swift; path = WallCellView.swift; sourceTree = "<group>"; };
		8BFE398A2296E53600605072 /* WallCellView.xib */ = {isa = PBXFileReference; lastKnownFileType = file.xib; path = WallCellView.xib; sourceTree = "<group>"; };
/* End PBXFileReference section */

/* Begin PBXFrameworksBuildPhase section */
		8BFE392F229446CE00605072 /* Frameworks */ = {
			isa = PBXFrameworksBuildPhase;
			buildActionMask = 2147483647;
			files = (
			);
			runOnlyForDeploymentPostprocessing = 0;
		};
		8BFE3943229446D000605072 /* Frameworks */ = {
			isa = PBXFrameworksBuildPhase;
			buildActionMask = 2147483647;
			files = (
			);
			runOnlyForDeploymentPostprocessing = 0;
		};
/* End PBXFrameworksBuildPhase section */

/* Begin PBXGroup section */
		8BFE3929229446CE00605072 = {
			isa = PBXGroup;
			children = (
				8BFE3934229446CE00605072 /* LaserShots */,
				8BFE3949229446D000605072 /* LaserShotsTests */,
				8BFE3933229446CE00605072 /* Products */,
			);
			sourceTree = "<group>";
		};
		8BFE3933229446CE00605072 /* Products */ = {
			isa = PBXGroup;
			children = (
				8BFE3932229446CE00605072 /* LaserShots.app */,
				8BFE3946229446D000605072 /* LaserShotsTests.xctest */,
			);
			name = Products;
			sourceTree = "<group>";
		};
		8BFE3934229446CE00605072 /* LaserShots */ = {
			isa = PBXGroup;
			children = (
				8BFE39722295877800605072 /* viewModels */,
				8BFE3971229483EF00605072 /* viewControllers */,
				8BFE396C22946A9B00605072 /* boards */,
				8BFE396B22944A9200605072 /* game */,
				8BFE3955229446F500605072 /* gameElements */,
				8BFE395D229446F500605072 /* protocols */,
				8BFE3935229446CE00605072 /* AppDelegate.swift */,
				8BFE3939229446CE00605072 /* Main.storyboard */,
				8BFE393C229446CF00605072 /* Assets.xcassets */,
				8BFE393E229446CF00605072 /* LaunchScreen.storyboard */,
				8BFE3941229446CF00605072 /* Info.plist */,
			);
			path = LaserShots;
			sourceTree = "<group>";
		};
		8BFE3949229446D000605072 /* LaserShotsTests */ = {
			isa = PBXGroup;
			children = (
				8BFE394A229446D000605072 /* LaserShotsTests.swift */,
				8BFE394C229446D000605072 /* Info.plist */,
			);
			path = LaserShotsTests;
			sourceTree = "<group>";
		};
		8BFE3955229446F500605072 /* gameElements */ = {
			isa = PBXGroup;
			children = (
				8BFE3958229446F500605072 /* LaserGun.swift */,
				8BFE3959229446F500605072 /* Laser.swift */,
				8BFE395A229446F500605072 /* Mirror.swift */,
				8BFE395C229446F500605072 /* Wall.swift */,
				8BFE3969229448A300605072 /* LaserDestination.swift */,
			);
			path = gameElements;
			sourceTree = "<group>";
		};
		8BFE395D229446F500605072 /* protocols */ = {
			isa = PBXGroup;
			children = (
				8BFE395E229446F500605072 /* gameProtocols.swift */,
			);
			path = protocols;
			sourceTree = "<group>";
		};
		8BFE396B22944A9200605072 /* game */ = {
			isa = PBXGroup;
			children = (
				8BFE3956229446F500605072 /* BoardCell.swift */,
				8BFE3957229446F500605072 /* Board.swift */,
				8BFE39672294472000605072 /* LaserShotsGame.swift */,
			);
			path = game;
			sourceTree = "<group>";
		};
		8BFE396C22946A9B00605072 /* boards */ = {
			isa = PBXGroup;
			children = (
				8BFE396F22946B9D00605072 /* board1.json */,
			);
			path = boards;
			sourceTree = "<group>";
		};
		8BFE3971229483EF00605072 /* viewControllers */ = {
			isa = PBXGroup;
			children = (
				8BFE3973229590C200605072 /* views */,
				8BFE3937229446CE00605072 /* LaserShotsViewController.swift */,
				8BFE398422959DD700605072 /* voewControllerProtocols.swift */,
			);
			path = viewControllers;
			sourceTree = "<group>";
		};
		8BFE39722295877800605072 /* viewModels */ = {
			isa = PBXGroup;
			children = (
			);
			path = viewModels;
			sourceTree = "<group>";
		};
		8BFE3973229590C200605072 /* views */ = {
			isa = PBXGroup;
			children = (
				8BFE39742295911600605072 /* EmptyCellView.swift */,
				8BFE397C22959AA000605072 /* EmptyCellView.xib */,
				8BFE39762295912A00605072 /* LaserGunCellView.swift */,
				8BFE397E22959AD400605072 /* LaserGunCellView.xib */,
				8BFE39782295913D00605072 /* LaserDestinationCellView.swift */,
				8BFE398022959AFE00605072 /* LaserDestinationCellView.xib */,
				8BFE397A229592CE00605072 /* MirrorCellView.swift */,
				8BFE398222959B3400605072 /* MirrorCellView.xib */,
				8BFE39862295C3D300605072 /* LaserShotsBaseCellView.swift */,
				8BFE39882296E52800605072 /* WallCellView.swift */,
				8BFE398A2296E53600605072 /* WallCellView.xib */,
			);
			path = views;
			sourceTree = "<group>";
		};
/* End PBXGroup section */

/* Begin PBXNativeTarget section */
		8BFE3931229446CE00605072 /* LaserShots */ = {
			isa = PBXNativeTarget;
			buildConfigurationList = 8BFE394F229446D000605072 /* Build configuration list for PBXNativeTarget "LaserShots" */;
			buildPhases = (
				8BFE392E229446CE00605072 /* Sources */,
				8BFE392F229446CE00605072 /* Frameworks */,
				8BFE3930229446CE00605072 /* Resources */,
			);
			buildRules = (
			);
			dependencies = (
			);
			name = LaserShots;
			productName = LaserShots;
			productReference = 8BFE3932229446CE00605072 /* LaserShots.app */;
			productType = "com.apple.product-type.application";
		};
		8BFE3945229446D000605072 /* LaserShotsTests */ = {
			isa = PBXNativeTarget;
			buildConfigurationList = 8BFE3952229446D000605072 /* Build configuration list for PBXNativeTarget "LaserShotsTests" */;
			buildPhases = (
				8BFE3942229446D000605072 /* Sources */,
				8BFE3943229446D000605072 /* Frameworks */,
				8BFE3944229446D000605072 /* Resources */,
			);
			buildRules = (
			);
			dependencies = (
				8BFE3948229446D000605072 /* PBXTargetDependency */,
			);
			name = LaserShotsTests;
			productName = LaserShotsTests;
			productReference = 8BFE3946229446D000605072 /* LaserShotsTests.xctest */;
			productType = "com.apple.product-type.bundle.unit-test";
		};
/* End PBXNativeTarget section */

/* Begin PBXProject section */
		8BFE392A229446CE00605072 /* Project object */ = {
			isa = PBXProject;
			attributes = {
				LastSwiftUpdateCheck = 1020;
				LastUpgradeCheck = 1020;
				ORGANIZATIONNAME = "Damian Modernell";
				TargetAttributes = {
					8BFE3931229446CE00605072 = {
						CreatedOnToolsVersion = 10.2.1;
					};
					8BFE3945229446D000605072 = {
						CreatedOnToolsVersion = 10.2.1;
						TestTargetID = 8BFE3931229446CE00605072;
					};
				};
			};
			buildConfigurationList = 8BFE392D229446CE00605072 /* Build configuration list for PBXProject "LaserShots" */;
			compatibilityVersion = "Xcode 9.3";
			developmentRegion = en;
			hasScannedForEncodings = 0;
			knownRegions = (
				en,
				Base,
			);
			mainGroup = 8BFE3929229446CE00605072;
			productRefGroup = 8BFE3933229446CE00605072 /* Products */;
			projectDirPath = "";
			projectRoot = "";
			targets = (
				8BFE3931229446CE00605072 /* LaserShots */,
				8BFE3945229446D000605072 /* LaserShotsTests */,
			);
		};
/* End PBXProject section */

/* Begin PBXResourcesBuildPhase section */
		8BFE3930229446CE00605072 /* Resources */ = {
			isa = PBXResourcesBuildPhase;
			buildActionMask = 2147483647;
			files = (
				8BFE398122959AFE00605072 /* LaserDestinationCellView.xib in Resources */,
				8BFE397022946B9D00605072 /* board1.json in Resources */,
				8BFE3940229446CF00605072 /* LaunchScreen.storyboard in Resources */,
				8BFE393D229446CF00605072 /* Assets.xcassets in Resources */,
				8BFE397D22959AA000605072 /* EmptyCellView.xib in Resources */,
				8BFE398322959B3400605072 /* MirrorCellView.xib in Resources */,
				8BFE398B2296E53600605072 /* WallCellView.xib in Resources */,
				8BFE393B229446CE00605072 /* Main.storyboard in Resources */,
				8BFE397F22959AD400605072 /* LaserGunCellView.xib in Resources */,
			);
			runOnlyForDeploymentPostprocessing = 0;
		};
		8BFE3944229446D000605072 /* Resources */ = {
			isa = PBXResourcesBuildPhase;
			buildActionMask = 2147483647;
			files = (
			);
			runOnlyForDeploymentPostprocessing = 0;
		};
/* End PBXResourcesBuildPhase section */

/* Begin PBXSourcesBuildPhase section */
		8BFE392E229446CE00605072 /* Sources */ = {
			isa = PBXSourcesBuildPhase;
			buildActionMask = 2147483647;
			files = (
				8BFE39682294472000605072 /* LaserShotsGame.swift in Sources */,
				8BFE3961229446F500605072 /* LaserGun.swift in Sources */,
				8BFE398522959DD700605072 /* voewControllerProtocols.swift in Sources */,
				8BFE39872295C3D300605072 /* LaserShotsBaseCellView.swift in Sources */,
				8BFE39772295912A00605072 /* LaserGunCellView.swift in Sources */,
				8BFE39792295913D00605072 /* LaserDestinationCellView.swift in Sources */,
				8BFE3965229446F500605072 /* Wall.swift in Sources */,
				8BFE3963229446F500605072 /* Mirror.swift in Sources */,
				8BFE3962229446F500605072 /* Laser.swift in Sources */,
				8BFE396A229448A300605072 /* LaserDestination.swift in Sources */,
				8BFE3938229446CE00605072 /* LaserShotsViewController.swift in Sources */,
				8BFE395F229446F500605072 /* BoardCell.swift in Sources */,
				8BFE39892296E52800605072 /* WallCellView.swift in Sources */,
				8BFE39752295911600605072 /* EmptyCellView.swift in Sources */,
				8BFE3966229446F500605072 /* gameProtocols.swift in Sources */,
				8BFE3960229446F500605072 /* Board.swift in Sources */,
				8BFE397B229592CE00605072 /* MirrorCellView.swift in Sources */,
				8BFE3936229446CE00605072 /* AppDelegate.swift in Sources */,
			);
			runOnlyForDeploymentPostprocessing = 0;
		};
		8BFE3942229446D000605072 /* Sources */ = {
			isa = PBXSourcesBuildPhase;
			buildActionMask = 2147483647;
			files = (
				8BFE394B229446D000605072 /* LaserShotsTests.swift in Sources */,
			);
			runOnlyForDeploymentPostprocessing = 0;
		};
/* End PBXSourcesBuildPhase section */

/* Begin PBXTargetDependency section */
		8BFE3948229446D000605072 /* PBXTargetDependency */ = {
			isa = PBXTargetDependency;
			target = 8BFE3931229446CE00605072 /* LaserShots */;
			targetProxy = 8BFE3947229446D000605072 /* PBXContainerItemProxy */;
		};
/* End PBXTargetDependency section */

/* Begin PBXVariantGroup section */
		8BFE3939229446CE00605072 /* Main.storyboard */ = {
			isa = PBXVariantGroup;
			children = (
				8BFE393A229446CE00605072 /* Base */,
			);
			name = Main.storyboard;
			sourceTree = "<group>";
		};
		8BFE393E229446CF00605072 /* LaunchScreen.storyboard */ = {
			isa = PBXVariantGroup;
			children = (
				8BFE393F229446CF00605072 /* Base */,
			);
			name = LaunchScreen.storyboard;
			sourceTree = "<group>";
		};
/* End PBXVariantGroup section */

/* Begin XCBuildConfiguration section */
		8BFE394D229446D000605072 /* Debug */ = {
			isa = XCBuildConfiguration;
			buildSettings = {
				ALWAYS_SEARCH_USER_PATHS = NO;
				CLANG_ANALYZER_NONNULL = YES;
				CLANG_ANALYZER_NUMBER_OBJECT_CONVERSION = YES_AGGRESSIVE;
				CLANG_CXX_LANGUAGE_STANDARD = "gnu++14";
				CLANG_CXX_LIBRARY = "libc++";
				CLANG_ENABLE_MODULES = YES;
				CLANG_ENABLE_OBJC_ARC = YES;
				CLANG_ENABLE_OBJC_WEAK = YES;
				CLANG_WARN_BLOCK_CAPTURE_AUTORELEASING = YES;
				CLANG_WARN_BOOL_CONVERSION = YES;
				CLANG_WARN_COMMA = YES;
				CLANG_WARN_CONSTANT_CONVERSION = YES;
				CLANG_WARN_DEPRECATED_OBJC_IMPLEMENTATIONS = YES;
				CLANG_WARN_DIRECT_OBJC_ISA_USAGE = YES_ERROR;
				CLANG_WARN_DOCUMENTATION_COMMENTS = YES;
				CLANG_WARN_EMPTY_BODY = YES;
				CLANG_WARN_ENUM_CONVERSION = YES;
				CLANG_WARN_INFINITE_RECURSION = YES;
				CLANG_WARN_INT_CONVERSION = YES;
				CLANG_WARN_NON_LITERAL_NULL_CONVERSION = YES;
				CLANG_WARN_OBJC_IMPLICIT_RETAIN_SELF = YES;
				CLANG_WARN_OBJC_LITERAL_CONVERSION = YES;
				CLANG_WARN_OBJC_ROOT_CLASS = YES_ERROR;
				CLANG_WARN_RANGE_LOOP_ANALYSIS = YES;
				CLANG_WARN_STRICT_PROTOTYPES = YES;
				CLANG_WARN_SUSPICIOUS_MOVE = YES;
				CLANG_WARN_UNGUARDED_AVAILABILITY = YES_AGGRESSIVE;
				CLANG_WARN_UNREACHABLE_CODE = YES;
				CLANG_WARN__DUPLICATE_METHOD_MATCH = YES;
				CODE_SIGN_IDENTITY = "iPhone Developer";
				COPY_PHASE_STRIP = NO;
				DEBUG_INFORMATION_FORMAT = dwarf;
				ENABLE_STRICT_OBJC_MSGSEND = YES;
				ENABLE_TESTABILITY = YES;
				GCC_C_LANGUAGE_STANDARD = gnu11;
				GCC_DYNAMIC_NO_PIC = NO;
				GCC_NO_COMMON_BLOCKS = YES;
				GCC_OPTIMIZATION_LEVEL = 0;
				GCC_PREPROCESSOR_DEFINITIONS = (
					"DEBUG=1",
					"$(inherited)",
				);
				GCC_WARN_64_TO_32_BIT_CONVERSION = YES;
				GCC_WARN_ABOUT_RETURN_TYPE = YES_ERROR;
				GCC_WARN_UNDECLARED_SELECTOR = YES;
				GCC_WARN_UNINITIALIZED_AUTOS = YES_AGGRESSIVE;
				GCC_WARN_UNUSED_FUNCTION = YES;
				GCC_WARN_UNUSED_VARIABLE = YES;
				IPHONEOS_DEPLOYMENT_TARGET = 12.2;
				MTL_ENABLE_DEBUG_INFO = INCLUDE_SOURCE;
				MTL_FAST_MATH = YES;
				ONLY_ACTIVE_ARCH = YES;
				SDKROOT = iphoneos;
				SWIFT_ACTIVE_COMPILATION_CONDITIONS = DEBUG;
				SWIFT_OPTIMIZATION_LEVEL = "-Onone";
			};
			name = Debug;
		};
		8BFE394E229446D000605072 /* Release */ = {
			isa = XCBuildConfiguration;
			buildSettings = {
				ALWAYS_SEARCH_USER_PATHS = NO;
				CLANG_ANALYZER_NONNULL = YES;
				CLANG_ANALYZER_NUMBER_OBJECT_CONVERSION = YES_AGGRESSIVE;
				CLANG_CXX_LANGUAGE_STANDARD = "gnu++14";
				CLANG_CXX_LIBRARY = "libc++";
				CLANG_ENABLE_MODULES = YES;
				CLANG_ENABLE_OBJC_ARC = YES;
				CLANG_ENABLE_OBJC_WEAK = YES;
				CLANG_WARN_BLOCK_CAPTURE_AUTORELEASING = YES;
				CLANG_WARN_BOOL_CONVERSION = YES;
				CLANG_WARN_COMMA = YES;
				CLANG_WARN_CONSTANT_CONVERSION = YES;
				CLANG_WARN_DEPRECATED_OBJC_IMPLEMENTATIONS = YES;
				CLANG_WARN_DIRECT_OBJC_ISA_USAGE = YES_ERROR;
				CLANG_WARN_DOCUMENTATION_COMMENTS = YES;
				CLANG_WARN_EMPTY_BODY = YES;
				CLANG_WARN_ENUM_CONVERSION = YES;
				CLANG_WARN_INFINITE_RECURSION = YES;
				CLANG_WARN_INT_CONVERSION = YES;
				CLANG_WARN_NON_LITERAL_NULL_CONVERSION = YES;
				CLANG_WARN_OBJC_IMPLICIT_RETAIN_SELF = YES;
				CLANG_WARN_OBJC_LITERAL_CONVERSION = YES;
				CLANG_WARN_OBJC_ROOT_CLASS = YES_ERROR;
				CLANG_WARN_RANGE_LOOP_ANALYSIS = YES;
				CLANG_WARN_STRICT_PROTOTYPES = YES;
				CLANG_WARN_SUSPICIOUS_MOVE = YES;
				CLANG_WARN_UNGUARDED_AVAILABILITY = YES_AGGRESSIVE;
				CLANG_WARN_UNREACHABLE_CODE = YES;
				CLANG_WARN__DUPLICATE_METHOD_MATCH = YES;
				CODE_SIGN_IDENTITY = "iPhone Developer";
				COPY_PHASE_STRIP = NO;
				DEBUG_INFORMATION_FORMAT = "dwarf-with-dsym";
				ENABLE_NS_ASSERTIONS = NO;
				ENABLE_STRICT_OBJC_MSGSEND = YES;
				GCC_C_LANGUAGE_STANDARD = gnu11;
				GCC_NO_COMMON_BLOCKS = YES;
				GCC_WARN_64_TO_32_BIT_CONVERSION = YES;
				GCC_WARN_ABOUT_RETURN_TYPE = YES_ERROR;
				GCC_WARN_UNDECLARED_SELECTOR = YES;
				GCC_WARN_UNINITIALIZED_AUTOS = YES_AGGRESSIVE;
				GCC_WARN_UNUSED_FUNCTION = YES;
				GCC_WARN_UNUSED_VARIABLE = YES;
				IPHONEOS_DEPLOYMENT_TARGET = 12.2;
				MTL_ENABLE_DEBUG_INFO = NO;
				MTL_FAST_MATH = YES;
				SDKROOT = iphoneos;
				SWIFT_COMPILATION_MODE = wholemodule;
				SWIFT_OPTIMIZATION_LEVEL = "-O";
				VALIDATE_PRODUCT = YES;
			};
			name = Release;
		};
		8BFE3950229446D000605072 /* Debug */ = {
			isa = XCBuildConfiguration;
			buildSettings = {
				ASSETCATALOG_COMPILER_APPICON_NAME = AppIcon;
				CODE_SIGN_STYLE = Automatic;
				INFOPLIST_FILE = LaserShots/Info.plist;
				LD_RUNPATH_SEARCH_PATHS = (
					"$(inherited)",
					"@executable_path/Frameworks",
				);
				PRODUCT_BUNDLE_IDENTIFIER = DM.LaserShots;
				PRODUCT_NAME = "$(TARGET_NAME)";
				SWIFT_VERSION = 5.0;
				TARGETED_DEVICE_FAMILY = "1,2";
			};
			name = Debug;
		};
		8BFE3951229446D000605072 /* Release */ = {
			isa = XCBuildConfiguration;
			buildSettings = {
				ASSETCATALOG_COMPILER_APPICON_NAME = AppIcon;
				CODE_SIGN_STYLE = Automatic;
				INFOPLIST_FILE = LaserShots/Info.plist;
				LD_RUNPATH_SEARCH_PATHS = (
					"$(inherited)",
					"@executable_path/Frameworks",
				);
				PRODUCT_BUNDLE_IDENTIFIER = DM.LaserShots;
				PRODUCT_NAME = "$(TARGET_NAME)";
				SWIFT_VERSION = 5.0;
				TARGETED_DEVICE_FAMILY = "1,2";
			};
			name = Release;
		};
		8BFE3953229446D000605072 /* Debug */ = {
			isa = XCBuildConfiguration;
			buildSettings = {
				ALWAYS_EMBED_SWIFT_STANDARD_LIBRARIES = YES;
				BUNDLE_LOADER = "$(TEST_HOST)";
				CODE_SIGN_STYLE = Automatic;
				INFOPLIST_FILE = LaserShotsTests/Info.plist;
				LD_RUNPATH_SEARCH_PATHS = (
					"$(inherited)",
					"@executable_path/Frameworks",
					"@loader_path/Frameworks",
				);
				PRODUCT_BUNDLE_IDENTIFIER = DM.LaserShotsTests;
				PRODUCT_NAME = "$(TARGET_NAME)";
				SWIFT_VERSION = 5.0;
				TARGETED_DEVICE_FAMILY = "1,2";
				TEST_HOST = "$(BUILT_PRODUCTS_DIR)/LaserShots.app/LaserShots";
			};
			name = Debug;
		};
		8BFE3954229446D000605072 /* Release */ = {
			isa = XCBuildConfiguration;
			buildSettings = {
				ALWAYS_EMBED_SWIFT_STANDARD_LIBRARIES = YES;
				BUNDLE_LOADER = "$(TEST_HOST)";
				CODE_SIGN_STYLE = Automatic;
				INFOPLIST_FILE = LaserShotsTests/Info.plist;
				LD_RUNPATH_SEARCH_PATHS = (
					"$(inherited)",
					"@executable_path/Frameworks",
					"@loader_path/Frameworks",
				);
				PRODUCT_BUNDLE_IDENTIFIER = DM.LaserShotsTests;
				PRODUCT_NAME = "$(TARGET_NAME)";
				SWIFT_VERSION = 5.0;
				TARGETED_DEVICE_FAMILY = "1,2";
				TEST_HOST = "$(BUILT_PRODUCTS_DIR)/LaserShots.app/LaserShots";
			};
			name = Release;
		};
/* End XCBuildConfiguration section */

/* Begin XCConfigurationList section */
		8BFE392D229446CE00605072 /* Build configuration list for PBXProject "LaserShots" */ = {
			isa = XCConfigurationList;
			buildConfigurations = (
				8BFE394D229446D000605072 /* Debug */,
				8BFE394E229446D000605072 /* Release */,
			);
			defaultConfigurationIsVisible = 0;
			defaultConfigurationName = Release;
		};
		8BFE394F229446D000605072 /* Build configuration list for PBXNativeTarget "LaserShots" */ = {
			isa = XCConfigurationList;
			buildConfigurations = (
				8BFE3950229446D000605072 /* Debug */,
				8BFE3951229446D000605072 /* Release */,
			);
			defaultConfigurationIsVisible = 0;
			defaultConfigurationName = Release;
		};
		8BFE3952229446D000605072 /* Build configuration list for PBXNativeTarget "LaserShotsTests" */ = {
			isa = XCConfigurationList;
			buildConfigurations = (
				8BFE3953229446D000605072 /* Debug */,
				8BFE3954229446D000605072 /* Release */,
			);
			defaultConfigurationIsVisible = 0;
			defaultConfigurationName = Release;
		};
/* End XCConfigurationList section */
	};
	rootObject = 8BFE392A229446CE00605072 /* Project object */;
}
